{
	"name": "@moddi3/ngx-intl-tel-input",
	"version": "3.3.7",
	"lockfileVersion": 3,
	"requires": true,
	"packages": {
		"": {
			"name": "@moddi3/ngx-intl-tel-input",
			"version": "3.3.7",
			"license": "MIT",
			"devDependencies": {
				"@types/google-libphonenumber": "^7.4.26"
			},
			"peerDependencies": {
				"@angular/common": ">= 16.0.0",
				"@angular/core": ">= 16.0.0",
				"@angular/forms": ">= 16.0.0",
				"google-libphonenumber": "^3.2.33",
				"intl-tel-input": "^19.0.0",
				"ngx-bootstrap": "^9.0.0"
			}
		},
		"node_modules/@types/google-libphonenumber": {
			"version": "7.4.26",
			"dev": true,
			"license": "MIT"
		}
	}
}
